{
  "destination": "fonts/core",
  "releases": [
    {
      "family": "Readerly",
      "url": "https://github.com/nicoverbruggen/readerly/releases/download/v1.7/Readerly.zip",
      "files": [
        {
          "name": "Readerly-Bold.ttf",
          "sha256": "8704924f4380acc637924c0169835662b0b079870605ae2e11cee3cdd6320462"
        },
        {
          "name": "Readerly-BoldItalic.ttf",
          "sha256": "54298e0aaace968cc0bee702ad301612916323750919cb92881292d2e1275b60"
        },
        {
          "name": "Readerly-Italic.ttf",
          "sha256": "734f62a69d1820156276dcd3d9772e8948087726702dde411907b83ea43e3447"
        },
        {
          "name": "Readerly-Regular.ttf",
          "sha256": "eca6c211ad568afee3f6efbc7bb730409d0ebe74053af8974c68970b10a7a965"
        }
      ]
    },
    {
      "family": "Cartisse",
      "url": "https://github.com/nicoverbruggen/cartisse/releases/download/v2.2/Cartisse.zip",
      "files": [
        {
          "name": "Cartisse-Bold.ttf",
          "sha256": "19da724efe5d52dfabe58701734818a1a6fbf58505daedfa2b08516189ed9c9c"
        },
        {
          "name": "Cartisse-BoldItalic.ttf",
          "sha256": "3b6a5b5e5bf4aa4fdae437ec894a7b080142125157d4beb98cf45beadf452f0e"
        },
        {
          "name": "Cartisse-Italic.ttf",
          "sha256": "78601c798a01e55917ae6f6c5947ffc23d20649f17222eec7e0e8163f25c152c"
        },
        {
          "name": "Cartisse-Regular.ttf",
          "sha256": "813830117c28beaea43aa1993ae5c2409e9495fd61c49bfc7afb95cf8033aad4"
        }
      ]
    },
    {
      "family": "Sourcerer",
      "url": "https://github.com/nicoverbruggen/sourcerer/releases/download/v1.2/Sourcerer.zip",
      "files": [
        {
          "name": "Sourcerer-Bold.ttf",
          "sha256": "502d759c1f566049b1e50db3802cb89a17a70a793eca8f7da3f59de912b82b2a"
        },
        {
          "name": "Sourcerer-BoldItalic.ttf",
          "sha256": "2bd1fc858fdf9f2d78a8a6715c8caae78540fb155ccfa29685f080d538bb7e7d"
        },
        {
          "name": "Sourcerer-Italic.ttf",
          "sha256": "7d4d3c282fb2814f786c54f92f49f26fa47a8e4a1ff4e7a6f5f1f24414e8f542"
        },
        {
          "name": "Sourcerer-Regular.ttf",
          "sha256": "4e0ac99c0fff5734f61556c2abfc892892953b4d4cb4f2851e01775a7038a133"
        }
      ]
    }
  ]
}
